github.com/AlecAivazis/survey/v2 v2.0.5/go.mod h1:WYBhg6f0y/fNYUuesWQc0PKbJcEliGcYHB9sNT3Bg74=
github.com/AndreasBriese/bbloom v0.0.0-20190825152654-46b345b51c96 h1:cTp8I5+VIoKjsnZuH8vjyaysT/ses3EvZeaV/1UkF2M=
github.com/AndreasBriese/bbloom v0.0.0-20190825152654-46b345b51c96/go.mod h1:bOvUY6CB00SOBii9/FifXqc0awNKxLFCL/+pkDPuyl8=
github.com/BurntSushi/toml v0.3.1/go.mod h1:xHWCNGjB5oqiDr8zfno3MHue2Ht5sIBksp03qcyfWMU=
github.com/EXCCoin/base58 v0.0.0-20180515090142-e1a805ee5d9f h1:ucGdoqYaaO8y9CF/Vvyl+LXcOKdqOclw1YXe59HknY8=
github.com/EXCCoin/base58 v0.0.0-20180515090142-e1a805ee5d9f/go.mod h1:FWlYa+QpsFceLY9PQfQrt5R64DlCpuCoDmmZDtN78Q8=
github.com/EXCCoin/exccd v0.0.0-20230211225306-d2f2c1c04ab7/go.mod h1:I7lcHtVb4/mf8BE02F58B73asYA05ECH+gvCKHi0upQ=
github.com/EXCCoin/exccd v0.0.0-20230222134430-694fa0700495/go.mod h1:ROXHqwS1Wri+5wJxXjVZ1DoySinwcKS+bz1pMpqfASw=
github.com/EXCCoin/exccd v0.0.0-20230329171406-0c77daae7811 h1:aIqr6Xsu0OdMfImlJslMYd8DB7kpXxyPQM4CmAZ0Gjs=
github.com/EXCCoin/exccd v0.0.0-20230329171406-0c77daae7811/go.mod h1:6XDKTJc/I+GYHvDDA68/gvpmd+AFqSr3pl5OMX8nW/4=
github.com/EXCCoin/exccd v0.0.0-20231114084634-503e41f75524/go.mod h1:6XDKTJc/I+GYHvDDA68/gvpmd+AFqSr3pl5OMX8nW/4=
github.com/EXCCoin/exccd v0.0.0-20231114094815-cf10ea2807e7 h1:AxEpGOrU13Qsg1qYkOfSttsRWBVjgUVFXovX9VljSIE=
github.com/EXCCoin/exccd v0.0.0-20231114094815-cf10ea2807e7/go.mod h1:3lby+3B7wa3iLN8ewQnpDU8nwnfgNfhopv1qc3Fb9iw=
github.com/EXCCoin/exccd/addrmgr/v2 v2.0.0-20230222133511-27be5a3e13e3/go.mod h1:Nn564p2e9DqG4AXgV1B3NMTcMIII0aXFRyWvRAywcuU=
github.com/EXCCoin/exccd/addrmgr/v2 v2.0.0-20230222134430-694fa0700495/go.mod h1:Nn564p2e9DqG4AXgV1B3NMTcMIII0aXFRyWvRAywcuU=
github.com/EXCCoin/exccd/addrmgr/v2 v2.0.0-20231114084634-503e41f75524/go.mod h1:aCYqnR0ts11wn6t/RWd2WJ3oOr8CT2FvVuP3l1QuJvI=
github.com/EXCCoin/exccd/bech32 v0.0.0-20230222133511-27be5a3e13e3/go.mod h1:gaPL3SBKG75CUfZwx78HgdSrSEmU+lltRcmVR/WAXHQ=
github.com/EXCCoin/exccd/bech32 v0.0.0-20230222134430-694fa0700495/go.mod h1:gaPL3SBKG75CUfZwx78HgdSrSEmU+lltRcmVR/WAXHQ=
github.com/EXCCoin/exccd/bech32 v0.0.0-20231114084634-503e41f75524/go.mod h1:K+CpUUrni9apCoRI3h+vpDzmGHJZL0dM5/xkqt2z9q4=
github.com/EXCCoin/exccd/blockchain/stake/v4 v4.0.0-20230211225306-d2f2c1c04ab7/go.mod h1:QuyErKqh8dKlohlaIGLeCqukrrqOBsgxkTjvXDUF7/c=
github.com/EXCCoin/exccd/blockchain/stake/v4 v4.0.0-20230222133511-27be5a3e13e3/go.mod h1:CUieEVHllul0PBQA6fPjvlGW9xhQCqQ8uGVVK95yras=
github.com/EXCCoin/exccd/blockchain/stake/v4 v4.0.0-20230222134430-694fa0700495/go.mod h1:CUieEVHllul0PBQA6fPjvlGW9xhQCqQ8uGVVK95yras=
github.com/EXCCoin/exccd/blockchain/stake/v4 v4.0.0-20230329171406-0c77daae7811 h1:C5h3lRPbJpcPPLjYYR2GIcDhTg8wC4RS34pPJL0jGyI=
github.com/EXCCoin/exccd/blockchain/stake/v4 v4.0.0-20230329171406-0c77daae7811/go.mod h1:3LU4dFbkslTNQuE4HwjPy+Qz3oT3xLNF1Xa9zZ+WPxA=
github.com/EXCCoin/exccd/blockchain/stake/v4 v4.0.0-20231114084634-503e41f75524/go.mod h1:3LU4dFbkslTNQuE4HwjPy+Qz3oT3xLNF1Xa9zZ+WPxA=
github.com/EXCCoin/exccd/blockchain/stake/v4 v4.0.0-20231114094815-cf10ea2807e7 h1:qz7KUwIiRsKIbV9k+SEHFlR9ayGDT2Sgxb8W87KIDnc=
github.com/EXCCoin/exccd/blockchain/stake/v4 v4.0.0-20231114094815-cf10ea2807e7/go.mod h1:cu972mTQsed/kax5Dly1hY87mgHARPmMwqE1ss2ZGWI=
github.com/EXCCoin/exccd/blockchain/standalone/v2 v2.0.0-20230211225306-d2f2c1c04ab7/go.mod h1:fYDzRi93wNdREdDlYubTbsHXyhr3+paC+E8UuyjYyc4=
github.com/EXCCoin/exccd/blockchain/standalone/v2 v2.0.0-20230222133511-27be5a3e13e3/go.mod h1:WE6UVA8shGktSNNiYpEcNpagOaRspKAllN4GfW85iJc=
github.com/EXCCoin/exccd/blockchain/standalone/v2 v2.0.0-20230222134430-694fa0700495/go.mod h1:WE6UVA8shGktSNNiYpEcNpagOaRspKAllN4GfW85iJc=
github.com/EXCCoin/exccd/blockchain/standalone/v2 v2.0.0-20230329171406-0c77daae7811 h1:g65sMyAiWDNxSakR+m5S+4vOqwaokrPSW2PfPQkfScM=
github.com/EXCCoin/exccd/blockchain/standalone/v2 v2.0.0-20230329171406-0c77daae7811/go.mod h1:WNIKruQbf/FYVIjL7PNeSCqldG3XeFgz7P9OSQqIQfE=
github.com/EXCCoin/exccd/blockchain/standalone/v2 v2.0.0-20231114084634-503e41f75524/go.mod h1:WNIKruQbf/FYVIjL7PNeSCqldG3XeFgz7P9OSQqIQfE=
github.com/EXCCoin/exccd/blockchain/standalone/v2 v2.0.0-20231114094815-cf10ea2807e7 h1:Xgq5d6UdJnUkO+M0wE7s/iG/FUCiINcITuIUk+IZR4o=
github.com/EXCCoin/exccd/blockchain/standalone/v2 v2.0.0-20231114094815-cf10ea2807e7/go.mod h1:jD6Ic2WLRgI/egZEKll5DaLPmdAjSSdtm9F7dMv+npw=
github.com/EXCCoin/exccd/blockchain/v4 v4.0.0-20230222133511-27be5a3e13e3/go.mod h1:guZDLPGbJ7MS3hqJzK1zRiFl6kZxP7lFojciG7zEiIk=
github.com/EXCCoin/exccd/blockchain/v4 v4.0.0-20230222134430-694fa0700495/go.mod h1:guZDLPGbJ7MS3hqJzK1zRiFl6kZxP7lFojciG7zEiIk=
github.com/EXCCoin/exccd/blockchain/v4 v4.0.0-20231114084634-503e41f75524/go.mod h1:lhiHnz08kopKVTy1YdmpQWF5msQNgDA/lDvAC1hq49E=
github.com/EXCCoin/exccd/certgen v0.0.0-20230222133511-27be5a3e13e3/go.mod h1:+PXoOUe7OFJ526jHm1z/jn99G550giHnlkUvf3xyVV0=
github.com/EXCCoin/exccd/certgen v0.0.0-20230222134430-694fa0700495/go.mod h1:+PXoOUe7OFJ526jHm1z/jn99G550giHnlkUvf3xyVV0=
github.com/EXCCoin/exccd/certgen v0.0.0-20231114084634-503e41f75524/go.mod h1:FTQdHaj2p9j9xL4ww+kXLyT6fGr4PWejx5hS/M8QloI=
github.com/EXCCoin/exccd/chaincfg/chainhash v0.0.0-20230211225306-d2f2c1c04ab7/go.mod h1:TtjGhhFlbfS1fOTl7avuIUsHsGnBAytY+jCs9Ei45E8=
github.com/EXCCoin/exccd/chaincfg/chainhash v0.0.0-20230214161233-275859970533/go.mod h1:HugQl51HouJ13KKyxNQHARMq/mrpjfi7jUM2Iv3kgjI=
github.com/EXCCoin/exccd/chaincfg/chainhash v0.0.0-20230222133511-27be5a3e13e3/go.mod h1:ys9yYgU0MOSy9fG7vf8IelJbnlVCKaYNses/1kkwW/o=
github.com/EXCCoin/exccd/chaincfg/chainhash v0.0.0-20230222134430-694fa0700495/go.mod h1:ys9yYgU0MOSy9fG7vf8IelJbnlVCKaYNses/1kkwW/o=
github.com/EXCCoin/exccd/chaincfg/chainhash v0.0.0-20230329171406-0c77daae7811 h1:iWE61P5/T8zCPOiUq0dpbZaY7aXsI6CWIHcx/DZnHZI=
github.com/EXCCoin/exccd/chaincfg/chainhash v0.0.0-20230329171406-0c77daae7811/go.mod h1:eMPB49d8cWIAj9q7/pXMFu/lFaxs0dOKgkhEnvUQS+o=
github.com/EXCCoin/exccd/chaincfg/chainhash v0.0.0-20231114084634-503e41f75524/go.mod h1:eMPB49d8cWIAj9q7/pXMFu/lFaxs0dOKgkhEnvUQS+o=
github.com/EXCCoin/exccd/chaincfg/chainhash v0.0.0-20231114094815-cf10ea2807e7 h1:BdNA4fulgWO/IInMYAOuh/qRaXxrkindRVpF1PPVV+I=
github.com/EXCCoin/exccd/chaincfg/chainhash v0.0.0-20231114094815-cf10ea2807e7/go.mod h1:eMPB49d8cWIAj9q7/pXMFu/lFaxs0dOKgkhEnvUQS+o=
github.com/EXCCoin/exccd/chaincfg/v3 v3.0.0-20230214161233-275859970533/go.mod h1:kI3is/m8omS08trtkDqyOkKAw2aVdQAyPcuLYN8qATU=
github.com/EXCCoin/exccd/chaincfg/v3 v3.0.0-20230222133511-27be5a3e13e3/go.mod h1:r1QmI1cMHtL3qThQE/iAQD6Ia6mWHgbaBLms3p81VU4=
github.com/EXCCoin/exccd/chaincfg/v3 v3.0.0-20230222134430-694fa0700495/go.mod h1:r1QmI1cMHtL3qThQE/iAQD6Ia6mWHgbaBLms3p81VU4=
github.com/EXCCoin/exccd/chaincfg/v3 v3.0.0-20230329171406-0c77daae7811 h1:zcU+virfC5N25Msaz3tBlikO9AqUu+4dzkAT6cmgtO0=
github.com/EXCCoin/exccd/chaincfg/v3 v3.0.0-20230329171406-0c77daae7811/go.mod h1:xwZuLvp37l/vEGO6hmGyB5FvdFxpRROaYRBcYGDZba8=
github.com/EXCCoin/exccd/chaincfg/v3 v3.0.0-20231114084634-503e41f75524/go.mod h1:xwZuLvp37l/vEGO6hmGyB5FvdFxpRROaYRBcYGDZba8=
github.com/EXCCoin/exccd/chaincfg/v3 v3.0.0-20231114094815-cf10ea2807e7 h1:9xnjaUYHeRdnMu+3S9EmWC6n4nXdGp8aqYNrp+hsX44=
github.com/EXCCoin/exccd/chaincfg/v3 v3.0.0-20231114094815-cf10ea2807e7/go.mod h1:Z9E7kn+Srdn8PXkDWa7GRA+IVxf9Qxvpv5OyGRs02j4=
github.com/EXCCoin/exccd/connmgr/v3 v3.0.0-20230222133511-27be5a3e13e3/go.mod h1:hADxbyzKrbCZhEcg0n+tGDfyFgLD8aF+zzfhkhuWtnA=
github.com/EXCCoin/exccd/connmgr/v3 v3.0.0-20230222134430-694fa0700495/go.mod h1:hADxbyzKrbCZhEcg0n+tGDfyFgLD8aF+zzfhkhuWtnA=
github.com/EXCCoin/exccd/connmgr/v3 v3.0.0-20231114084634-503e41f75524/go.mod h1:9FzGbP6eLwUx8uzxxDiLrTfxHkRXmEquxEXcZNEIznc=
github.com/EXCCoin/exccd/container/apbf v0.0.0-20230222133511-27be5a3e13e3/go.mod h1:3mz79bQA2g6SVHUbk21PVR186pNeBiH8Tspz8Fy6p/s=
github.com/EXCCoin/exccd/container/apbf v0.0.0-20230222134430-694fa0700495/go.mod h1:3mz79bQA2g6SVHUbk21PVR186pNeBiH8Tspz8Fy6p/s=
github.com/EXCCoin/exccd/container/apbf v0.0.0-20231114084634-503e41f75524/go.mod h1:FLe/mYIO2wJUqV76FrgB3LVFidzT5cCX7ejkPCqSGjQ=
github.com/EXCCoin/exccd/crypto/blake256 v0.0.0-20230211225306-d2f2c1c04ab7/go.mod h1:gGGtDzi74jQyKPRjBKT/BSFoRbN33dmgNZgj8jgEFd0=
github.com/EXCCoin/exccd/crypto/blake256 v0.0.0-20230222133511-27be5a3e13e3/go.mod h1:gGGtDzi74jQyKPRjBKT/BSFoRbN33dmgNZgj8jgEFd0=
github.com/EXCCoin/exccd/crypto/blake256 v0.0.0-20230222134430-694fa0700495/go.mod h1:gGGtDzi74jQyKPRjBKT/BSFoRbN33dmgNZgj8jgEFd0=
github.com/EXCCoin/exccd/crypto/blake256 v0.0.0-20230329171406-0c77daae7811 h1:xyRWXBg9BGp97wCSbVtTLZXeFYMJYHYd7xAO7HVvBzY=
github.com/EXCCoin/exccd/crypto/blake256 v0.0.0-20230329171406-0c77daae7811/go.mod h1:a6dgMwlAl4Sw8AL1aANZdNqEby7g+DdQx7WBzdiYtEk=
github.com/EXCCoin/exccd/crypto/blake256 v0.0.0-20231114084634-503e41f75524/go.mod h1:a6dgMwlAl4Sw8AL1aANZdNqEby7g+DdQx7WBzdiYtEk=
github.com/EXCCoin/exccd/crypto/blake256 v0.0.0-20231114094815-cf10ea2807e7 h1:x4WNXAymPYb9PgV+6sefnh3FYZ9kOrbNp+OkgoWdsYQ=
github.com/EXCCoin/exccd/crypto/blake256 v0.0.0-20231114094815-cf10ea2807e7/go.mod h1:a6dgMwlAl4Sw8AL1aANZdNqEby7g+DdQx7WBzdiYtEk=
github.com/EXCCoin/exccd/crypto/ripemd160 v0.0.0-20230211225306-d2f2c1c04ab7/go.mod h1:aHqP29TIbaWgcd1DlDCVc+QZZqNE5n13C7BHXHiKS0M=
github.com/EXCCoin/exccd/crypto/ripemd160 v0.0.0-20230222133511-27be5a3e13e3/go.mod h1:aHqP29TIbaWgcd1DlDCVc+QZZqNE5n13C7BHXHiKS0M=
github.com/EXCCoin/exccd/crypto/ripemd160 v0.0.0-20230222134430-694fa0700495/go.mod h1:aHqP29TIbaWgcd1DlDCVc+QZZqNE5n13C7BHXHiKS0M=
github.com/EXCCoin/exccd/crypto/ripemd160 v0.0.0-20230329171406-0c77daae7811 h1:5zHnZQM4pnFqbJTDItnSSRBWzkpLrWnxCFV4ABLk7Q8=
github.com/EXCCoin/exccd/crypto/ripemd160 v0.0.0-20230329171406-0c77daae7811/go.mod h1:bLNlDLXx0hrU7NO/4lvWiFLRWA8+DjI0pnS6pUcvvDw=
github.com/EXCCoin/exccd/crypto/ripemd160 v0.0.0-20231114084634-503e41f75524/go.mod h1:bLNlDLXx0hrU7NO/4lvWiFLRWA8+DjI0pnS6pUcvvDw=
github.com/EXCCoin/exccd/crypto/ripemd160 v0.0.0-20231114094815-cf10ea2807e7 h1:P6JU9awfC0evV3POi3VcjAknm8dt3pKZLlrqV1A0Nwo=
github.com/EXCCoin/exccd/crypto/ripemd160 v0.0.0-20231114094815-cf10ea2807e7/go.mod h1:bLNlDLXx0hrU7NO/4lvWiFLRWA8+DjI0pnS6pUcvvDw=
github.com/EXCCoin/exccd/database/v3 v3.0.0-20230211225306-d2f2c1c04ab7/go.mod h1:8DVXSs+A5Ndvvm7VEoKof6l2i0oyV9I9tWs1EQXUdYg=
github.com/EXCCoin/exccd/database/v3 v3.0.0-20230222133511-27be5a3e13e3/go.mod h1:dF6vrt61CQOL9JSdKj5ZQ8W+aisQ2CETquTSzuOQt9w=
github.com/EXCCoin/exccd/database/v3 v3.0.0-20230222134430-694fa0700495/go.mod h1:dF6vrt61CQOL9JSdKj5ZQ8W+aisQ2CETquTSzuOQt9w=
github.com/EXCCoin/exccd/database/v3 v3.0.0-20230329171406-0c77daae7811 h1:WfWP7XiJTslKAKD4+8ZUesyBJB/ZX0iIOiksebYpXAU=
github.com/EXCCoin/exccd/database/v3 v3.0.0-20230329171406-0c77daae7811/go.mod h1:V/cl61Dfx0pvw+/XyjD/kvmuIo7xPTmpCs7F5xVacB4=
github.com/EXCCoin/exccd/database/v3 v3.0.0-20231114084634-503e41f75524/go.mod h1:V/cl61Dfx0pvw+/XyjD/kvmuIo7xPTmpCs7F5xVacB4=
github.com/EXCCoin/exccd/database/v3 v3.0.0-20231114094815-cf10ea2807e7 h1:KiLDUvZ9t+FueHBSc6kKvuTTMrbc70k8GoYtnPlbtHc=
github.com/EXCCoin/exccd/database/v3 v3.0.0-20231114094815-cf10ea2807e7/go.mod h1:rmFaCMmGXiw3B8Y/jkF7p10S0kkY0ytJKRaKw96UP+Y=
github.com/EXCCoin/exccd/dcrec v0.0.0-20230211225306-d2f2c1c04ab7/go.mod h1:7rbiErKGJZ8XRgmcBzC09YLEBvSJAWMdxrBhW4WXI4w=
github.com/EXCCoin/exccd/dcrec v0.0.0-20230222133511-27be5a3e13e3/go.mod h1:7rbiErKGJZ8XRgmcBzC09YLEBvSJAWMdxrBhW4WXI4w=
github.com/EXCCoin/exccd/dcrec v0.0.0-20230222134430-694fa0700495/go.mod h1:7rbiErKGJZ8XRgmcBzC09YLEBvSJAWMdxrBhW4WXI4w=
github.com/EXCCoin/exccd/dcrec v0.0.0-20230329171406-0c77daae7811 h1:GFa6eBp6aMtWACS6yuVQaGj0aSf+CU/omRfFbfRugAw=
github.com/EXCCoin/exccd/dcrec v0.0.0-20230329171406-0c77daae7811/go.mod h1:jaEvYZyvFtTRdOq3gwNzW1Ls3Va+ok52apTcLD7pyOE=
github.com/EXCCoin/exccd/dcrec v0.0.0-20231114084634-503e41f75524/go.mod h1:jaEvYZyvFtTRdOq3gwNzW1Ls3Va+ok52apTcLD7pyOE=
github.com/EXCCoin/exccd/dcrec v0.0.0-20231114094815-cf10ea2807e7 h1:uE23GUxFaVW+x78+s2HDZE17dl74tKozyeKW+wbitrc=
github.com/EXCCoin/exccd/dcrec v0.0.0-20231114094815-cf10ea2807e7/go.mod h1:jaEvYZyvFtTRdOq3gwNzW1Ls3Va+ok52apTcLD7pyOE=
github.com/EXCCoin/exccd/dcrec/edwards/v2 v2.0.0-20230211225306-d2f2c1c04ab7/go.mod h1:MlNonvPYgC7ZU/N3xZdUwIxlr127qxOmqL4ag1Ft+AE=
github.com/EXCCoin/exccd/dcrec/edwards/v2 v2.0.0-20230222133511-27be5a3e13e3/go.mod h1:MlNonvPYgC7ZU/N3xZdUwIxlr127qxOmqL4ag1Ft+AE=
github.com/EXCCoin/exccd/dcrec/edwards/v2 v2.0.0-20230222134430-694fa0700495/go.mod h1:MlNonvPYgC7ZU/N3xZdUwIxlr127qxOmqL4ag1Ft+AE=
github.com/EXCCoin/exccd/dcrec/edwards/v2 v2.0.0-20230329171406-0c77daae7811 h1:1Oq6vSGyA2ukJ+pLqyO2CeiWnNl/7KX0hovIQzGylUY=
github.com/EXCCoin/exccd/dcrec/edwards/v2 v2.0.0-20230329171406-0c77daae7811/go.mod h1:iXj7LWDJurpiMt4QeAsRmRAfMbaCbaLedEkO4YOs/ak=
github.com/EXCCoin/exccd/dcrec/edwards/v2 v2.0.0-20231114084634-503e41f75524/go.mod h1:iXj7LWDJurpiMt4QeAsRmRAfMbaCbaLedEkO4YOs/ak=
github.com/EXCCoin/exccd/dcrec/edwards/v2 v2.0.0-20231114094815-cf10ea2807e7 h1:JvhmGAVQ3N6iYkcu2xt9EfHEcJ62N+6aS8ix61psuI4=
github.com/EXCCoin/exccd/dcrec/edwards/v2 v2.0.0-20231114094815-cf10ea2807e7/go.mod h1:iXj7LWDJurpiMt4QeAsRmRAfMbaCbaLedEkO4YOs/ak=
github.com/EXCCoin/exccd/dcrec/secp256k1/v4 v4.0.0-20230211225306-d2f2c1c04ab7/go.mod h1:JZpGOVIOQe+XBfwcc/OZMGCPkl7ZTxi3E5TT2GWri5s=
github.com/EXCCoin/exccd/dcrec/secp256k1/v4 v4.0.0-20230222133511-27be5a3e13e3/go.mod h1:EUqyizTFRSaMIpL8RSOEPwrvR/oQTA05JcI8iQeEeNw=
github.com/EXCCoin/exccd/dcrec/secp256k1/v4 v4.0.0-20230222134430-694fa0700495/go.mod h1:EUqyizTFRSaMIpL8RSOEPwrvR/oQTA05JcI8iQeEeNw=
github.com/EXCCoin/exccd/dcrec/secp256k1/v4 v4.0.0-20230329171406-0c77daae7811 h1:P4Z6B2YjWeP/6sKHbgvLfAn5UkvBV4klitdGxlE+lFI=
github.com/EXCCoin/exccd/dcrec/secp256k1/v4 v4.0.0-20230329171406-0c77daae7811/go.mod h1:vD1kBtMbVH/KKf5h+3NKI1YfaIuKEX/ffAQ/axBPzcM=
github.com/EXCCoin/exccd/dcrec/secp256k1/v4 v4.0.0-20231114084634-503e41f75524/go.mod h1:vD1kBtMbVH/KKf5h+3NKI1YfaIuKEX/ffAQ/axBPzcM=
github.com/EXCCoin/exccd/dcrec/secp256k1/v4 v4.0.0-20231114094815-cf10ea2807e7 h1:jAf7P3CjphCaNH1uwxD+9pY48SXhJmkCumaLI55xWkg=
github.com/EXCCoin/exccd/dcrec/secp256k1/v4 v4.0.0-20231114094815-cf10ea2807e7/go.mod h1:vD1kBtMbVH/KKf5h+3NKI1YfaIuKEX/ffAQ/axBPzcM=
github.com/EXCCoin/exccd/dcrjson/v4 v4.0.0-20230211225306-d2f2c1c04ab7/go.mod h1:eGcm+0Lm+N/9MPXGJTMSfOZOqOy6jPmifScVUVLC3sU=
github.com/EXCCoin/exccd/dcrjson/v4 v4.0.0-20230222133511-27be5a3e13e3/go.mod h1:VmejCq4m3a6vBXQPNgAWdpM4yakb30dX6MM0jobtgw8=
github.com/EXCCoin/exccd/dcrjson/v4 v4.0.0-20230222134430-694fa0700495/go.mod h1:VmejCq4m3a6vBXQPNgAWdpM4yakb30dX6MM0jobtgw8=
github.com/EXCCoin/exccd/dcrjson/v4 v4.0.0-20230329171406-0c77daae7811 h1:O6iiUmV5TWi8nlW2R9b3bJ5bl6yTO4QyDwukUU+t3Sw=
github.com/EXCCoin/exccd/dcrjson/v4 v4.0.0-20230329171406-0c77daae7811/go.mod h1:9jRjQbVTfbMeg89O+10dnV0GMgYJymtJhJisheFxhoc=
github.com/EXCCoin/exccd/dcrjson/v4 v4.0.0-20231114084634-503e41f75524/go.mod h1:9jRjQbVTfbMeg89O+10dnV0GMgYJymtJhJisheFxhoc=
github.com/EXCCoin/exccd/dcrjson/v4 v4.0.0-20231114094815-cf10ea2807e7 h1:nq353opksBocnlIAMaHsj/ZVJEZbDwvOI3Ulm9eyrfU=
github.com/EXCCoin/exccd/dcrjson/v4 v4.0.0-20231114094815-cf10ea2807e7/go.mod h1:zx86/lIqZoTLTB0gk7tY0xPf2wR2E+32efqYjAdzD6s=
github.com/EXCCoin/exccd/dcrutil/v4 v4.0.0-20230211225306-d2f2c1c04ab7/go.mod h1:cv/6WVeZNrgWoT6A7T2X3R62gZRoE4wnLq3VpAppyb8=
github.com/EXCCoin/exccd/dcrutil/v4 v4.0.0-20230222133511-27be5a3e13e3/go.mod h1:vbapPOATKqUQFF2h9rU5zYTxd12w0Ckct3/U0v8vskc=
github.com/EXCCoin/exccd/dcrutil/v4 v4.0.0-20230222134430-694fa0700495/go.mod h1:vbapPOATKqUQFF2h9rU5zYTxd12w0Ckct3/U0v8vskc=
github.com/EXCCoin/exccd/dcrutil/v4 v4.0.0-20230329171406-0c77daae7811 h1:L1rpZk0DRWgozqM3EXBRT9TIQHuATVQrFK8CkdhWrL8=
github.com/EXCCoin/exccd/dcrutil/v4 v4.0.0-20230329171406-0c77daae7811/go.mod h1:GwsT3tQ8aWe7b0elpf2VqtknhexAEiK/U5KAmeX6oOo=
github.com/EXCCoin/exccd/dcrutil/v4 v4.0.0-20231114084634-503e41f75524/go.mod h1:GwsT3tQ8aWe7b0elpf2VqtknhexAEiK/U5KAmeX6oOo=
github.com/EXCCoin/exccd/dcrutil/v4 v4.0.0-20231114094815-cf10ea2807e7 h1:01lQ5Sy7ZepYxuiUq3Hl6ae7aZLSn4grBH3JN7Sy8Rk=
github.com/EXCCoin/exccd/dcrutil/v4 v4.0.0-20231114094815-cf10ea2807e7/go.mod h1:kPQjX8iQ47mA/7PNhfIoUm2n0A/CxeGCKNlP67MzWug=
github.com/EXCCoin/exccd/gcs/v3 v3.0.0-20230211225306-d2f2c1c04ab7/go.mod h1:jVO6WRBMUeOVIPCVocWwTsG9SugpwUjC/g3/3fw9l2M=
github.com/EXCCoin/exccd/gcs/v3 v3.0.0-20230222133511-27be5a3e13e3/go.mod h1:li8c5OvndclKakTjHE29CP1FmaggSxI0+dsSZeektDI=
github.com/EXCCoin/exccd/gcs/v3 v3.0.0-20230222134430-694fa0700495/go.mod h1:li8c5OvndclKakTjHE29CP1FmaggSxI0+dsSZeektDI=
github.com/EXCCoin/exccd/gcs/v3 v3.0.0-20231114084634-503e41f75524/go.mod h1:YcVBs6I0uGpBspsK67DwSO/3gnyMG7wPHCoGszZwtwg=
github.com/EXCCoin/exccd/hdkeychain/v3 v3.0.0-20230222133511-27be5a3e13e3/go.mod h1:1lkkvJsiBdpoWXte3x5MoJSsP+X4aRUkM/wTeZnUPjQ=
github.com/EXCCoin/exccd/lru v0.0.0-20230211225306-d2f2c1c04ab7/go.mod h1:+ie7yw1FJMFFjIBeCZFT5pjwlDt7fsGkl4MiNMNNgaU=
github.com/EXCCoin/exccd/lru v0.0.0-20230222133511-27be5a3e13e3/go.mod h1:+ie7yw1FJMFFjIBeCZFT5pjwlDt7fsGkl4MiNMNNgaU=
github.com/EXCCoin/exccd/lru v0.0.0-20230222134430-694fa0700495/go.mod h1:+ie7yw1FJMFFjIBeCZFT5pjwlDt7fsGkl4MiNMNNgaU=
github.com/EXCCoin/exccd/lru v0.0.0-20231114084634-503e41f75524/go.mod h1:WoZrSMlnrU86YmxFt0mt19afUp+/IiS3VfN1ik2nK14=
github.com/EXCCoin/exccd/math/uint256 v0.0.0-20230222133511-27be5a3e13e3/go.mod h1:U2/X2D3avM9VELcUj3KbWvcwKV6tUQGbjZQhRp+fpSQ=
github.com/EXCCoin/exccd/peer/v3 v3.0.0-20230222133511-27be5a3e13e3/go.mod h1:qBsTLQvXGhCIPTVOAyAc/La0ERfaExBhSarxpPeArhI=
github.com/EXCCoin/exccd/peer/v3 v3.0.0-20230222134430-694fa0700495/go.mod h1:qBsTLQvXGhCIPTVOAyAc/La0ERfaExBhSarxpPeArhI=
github.com/EXCCoin/exccd/peer/v3 v3.0.0-20231114084634-503e41f75524/go.mod h1:BaJVNpOvGJ4e5bcfUb81WCtP1uV85BDMN2sZZQ4xjA4=
github.com/EXCCoin/exccd/rpc/jsonrpc/types/v3 v3.0.0-20230211225306-d2f2c1c04ab7/go.mod h1:Cbe46xQk1A4vzymLLwHuTT+IElHheJZeHCPsrdr+t80=
github.com/EXCCoin/exccd/rpc/jsonrpc/types/v3 v3.0.0-20230222133511-27be5a3e13e3/go.mod h1:j/E8Y5oYHQudKs2qlETAlyF46/8Wc4+FBvwyTUApKxE=
github.com/EXCCoin/exccd/rpc/jsonrpc/types/v3 v3.0.0-20230222134430-694fa0700495/go.mod h1:j/E8Y5oYHQudKs2qlETAlyF46/8Wc4+FBvwyTUApKxE=
github.com/EXCCoin/exccd/rpc/jsonrpc/types/v3 v3.0.0-20230329171406-0c77daae7811 h1:rAqu4V8fdmyBaJNffX8KcfAYkBVYCNf4fDchDvh6Cgw=
github.com/EXCCoin/exccd/rpc/jsonrpc/types/v3 v3.0.0-20230329171406-0c77daae7811/go.mod h1:H49FqhycjCL9On2mgvyt7Fzo0rndJZQvzgJjpWd2oBc=
github.com/EXCCoin/exccd/rpc/jsonrpc/types/v3 v3.0.0-20231114084634-503e41f75524/go.mod h1:H49FqhycjCL9On2mgvyt7Fzo0rndJZQvzgJjpWd2oBc=
github.com/EXCCoin/exccd/rpc/jsonrpc/types/v3 v3.0.0-20231114094815-cf10ea2807e7 h1:xz7CVr3VRQZZ9IxZmwwoIk2aZo3zsTOjX1OI2aPiux0=
github.com/EXCCoin/exccd/rpc/jsonrpc/types/v3 v3.0.0-20231114094815-cf10ea2807e7/go.mod h1:mBjZp4jAOIe8e4a8lQxGIFdmnZjm67qY8iHLT3hXLvs=
github.com/EXCCoin/exccd/rpcclient/v7 v7.0.0-20230222133511-27be5a3e13e3/go.mod h1:SUHhCLWfb82W+PzqXg4JtAx2aYivNhEUf3/oWRWc20M=
github.com/EXCCoin/exccd/txscript/v4 v4.0.0-20230211225306-d2f2c1c04ab7/go.mod h1:uwHzVSsqy6pHCawMW8PjLYig7e3NGwFHqbLKXKluCkY=
github.com/EXCCoin/exccd/txscript/v4 v4.0.0-20230222133511-27be5a3e13e3/go.mod h1:pYGKm1xXM41xIu4D7TaID9ZX0hppWlLfL3tVw0eUVHM=
github.com/EXCCoin/exccd/txscript/v4 v4.0.0-20230222134430-694fa0700495/go.mod h1:pYGKm1xXM41xIu4D7TaID9ZX0hppWlLfL3tVw0eUVHM=
github.com/EXCCoin/exccd/txscript/v4 v4.0.0-20230329171406-0c77daae7811 h1:jGzkZcjPpsB18LzIgQbA69OIjdbwMYzYHJgHKQb7OlM=
github.com/EXCCoin/exccd/txscript/v4 v4.0.0-20230329171406-0c77daae7811/go.mod h1:cjAOKO/UMucyrz13bK2mGBoz1EIewENPVjmOI5gbsRU=
github.com/EXCCoin/exccd/txscript/v4 v4.0.0-20231114084634-503e41f75524/go.mod h1:cjAOKO/UMucyrz13bK2mGBoz1EIewENPVjmOI5gbsRU=
github.com/EXCCoin/exccd/txscript/v4 v4.0.0-20231114094815-cf10ea2807e7 h1:6/yg8rymM9zCsLGM+rczb4BleY9grh1bva4jD3rZnEA=
github.com/EXCCoin/exccd/txscript/v4 v4.0.0-20231114094815-cf10ea2807e7/go.mod h1:8i0IgolRQMkgR5mNlY4VaIu0FbkNUY6c9fowlRwza3A=
github.com/EXCCoin/exccd/wire v0.0.0-20230211225306-d2f2c1c04ab7/go.mod h1:t749GfscEfBEITr5QKVVWH8Fgfg3VD4vYzMSDdBsg7Y=
github.com/EXCCoin/exccd/wire v0.0.0-20230214161233-275859970533/go.mod h1:el5FLbXOcf7c23bJEl29h8Anj9jMTHp/yhJTBs9Nf8E=
github.com/EXCCoin/exccd/wire v0.0.0-20230222133511-27be5a3e13e3/go.mod h1:Ful+jkeQxfQZB7I2NjeWCe7xXaH5U0BI6Fo6u6uujRk=
github.com/EXCCoin/exccd/wire v0.0.0-20230222134430-694fa0700495/go.mod h1:Ful+jkeQxfQZB7I2NjeWCe7xXaH5U0BI6Fo6u6uujRk=
github.com/EXCCoin/exccd/wire v0.0.0-20230329171406-0c77daae7811 h1:3Ho0UVf/VqJ+HlJ4/zPlPQBMXLRxnmOZ2rzAEpfmKAs=
github.com/EXCCoin/exccd/wire v0.0.0-20230329171406-0c77daae7811/go.mod h1:jEj0fx78IZGFDsZW87iPXrhLiyB3g18t/N32YsunNnM=
github.com/EXCCoin/exccd/wire v0.0.0-20231114084634-503e41f75524/go.mod h1:jEj0fx78IZGFDsZW87iPXrhLiyB3g18t/N32YsunNnM=
github.com/EXCCoin/exccd/wire v0.0.0-20231114094815-cf10ea2807e7 h1:YR2jagB+XDecZAfUgdfkhNc6w3ffiBCqEIZyZkbmtTw=
github.com/EXCCoin/exccd/wire v0.0.0-20231114094815-cf10ea2807e7/go.mod h1:bXhK5c7Mnx2uQ44PQEeY8Z5eBSvra+H2m0lP4zOAZNo=
github.com/Netflix/go-expect v0.0.0-20180615182759-c93bf25de8e8 h1:xzYJEypr/85nBpB11F9br+3HUrpgb+fcm5iADzXXYEw=
github.com/Netflix/go-expect v0.0.0-20180615182759-c93bf25de8e8/go.mod h1:oX5x61PbNXchhh0oikYAH+4Pcfw5LKv21+Jnpr6r6Pc=
github.com/OneOfOne/xxhash v1.2.2 h1:KMrpdQIwFcEqXDklaen+P1axHaj9BSKzvpUUfnHldSE=
github.com/OneOfOne/xxhash v1.2.2/go.mod h1:HSdplMjZKSmBqAxg5vPj2TmRDmfkzw+cTzAElWljhcU=
github.com/agl/ed25519 v0.0.0-20170116200512-5312a6153412 h1:w1UutsfOrms1J05zt7ISrnJIXKzwaspym5BTKGx93EI=
github.com/agl/ed25519 v0.0.0-20170116200512-5312a6153412/go.mod h1:WPjqKcmVOxf0XSf3YxCJs6N6AOSrOx3obionmG7T0y0=
github.com/armon/consul-api v0.0.0-20180202201655-eb2c6b5be1b6/go.mod h1:grANhF5doyWs3UAsr3K4I6qtAmlQcZDesFNEHPZAzj8=
github.com/cespare/xxhash v1.1.0 h1:a6HrQnmkObjyL+Gs60czilIUGqrzKutQD6XZog3p+ko=
github.com/cespare/xxhash v1.1.0/go.mod h1:XrSqR1VqqWfGrhpAt58auRo0WTKS1nRRg3ghfAqPWnc=
github.com/cespare/xxhash/v2 v2.1.1/go.mod h1:VGX0DQ3Q6kWi7AoAeZDth3/j3BFtOZR5XLFGgcrjCOs=
github.com/cespare/xxhash/v2 v2.2.0 h1:DC2CZ1Ep5Y4k3ZQ899DldepgrayRUGE6BBZ/cd9Cj44=
github.com/cespare/xxhash/v2 v2.2.0/go.mod h1:VGX0DQ3Q6kWi7AoAeZDth3/j3BFtOZR5XLFGgcrjCOs=
github.com/coreos/etcd v3.3.10+incompatible/go.mod h1:uF7uidLiAD3TWHmW31ZFd/JWoc32PjwdhPthX9715RE=
github.com/coreos/go-etcd v2.0.0+incompatible/go.mod h1:Jez6KQU2B/sWsbdaef3ED8NzMklzPG4d5KIOhIy30Tk=
github.com/coreos/go-semver v0.2.0/go.mod h1:nnelYz7RCh+5ahJtPPxZlU+153eP4D4r3EedlOD2RNk=
github.com/cpuguy83/go-md2man v1.0.10/go.mod h1:SmD6nW6nTyfqj6ABTjUi3V3JVMnlJmwcJI5acqYI6dE=
github.com/davecgh/go-spew v1.1.0/go.mod h1:J7Y8YcW2NihsgmVo/mv3lAwl/skON4iLHjSsI+c5H38=
github.com/davecgh/go-spew v1.1.1 h1:vj9j/u1bqnvCEfJOwUhtlOARqs3+rkHYY13jYWTU97c=
github.com/davecgh/go-spew v1.1.1/go.mod h1:J7Y8YcW2NihsgmVo/mv3lAwl/skON4iLHjSsI+c5H38=
github.com/dchest/siphash v1.2.2/go.mod h1:q+IRvb2gOSrUnYoPqHiyHXS0FOBBOdl6tONBlVnOnt4=
github.com/dchest/siphash v1.2.3 h1:QXwFc8cFOR2dSa/gE6o/HokBMWtLUaNDVd+22aKHeEA=
github.com/dchest/siphash v1.2.3/go.mod h1:0NvQU092bT0ipiFN++/rXm69QG9tVxLAlQHIXMPAkHc=
github.com/decred/go-socks v1.1.0/go.mod h1:sDhHqkZH0X4JjSa02oYOGhcGHYp12FsY1jQ/meV8md0=
github.com/decred/slog v1.2.0 h1:soHAxV52B54Di3WtKLfPum9OFfWqwtf/ygf9njdfnPM=
github.com/decred/slog v1.2.0/go.mod h1:kVXlGnt6DHy2fV5OjSeuvCJ0OmlmTF6LFpEPMu/fOY0=
github.com/dgraph-io/badger v1.6.2 h1:mNw0qs90GVgGGWylh0umH5iag1j6n/PeJtNvL6KY/x8=
github.com/dgraph-io/badger v1.6.2/go.mod h1:JW2yswe3V058sS0kZ2h/AXeDSqFjxnZcRrVH//y2UQE=
github.com/dgraph-io/ristretto v0.0.2 h1:a5WaUrDa0qm0YrAAS1tUykT5El3kt62KNZZeMxQn3po=
github.com/dgraph-io/ristretto v0.0.2/go.mod h1:KPxhHT9ZxKefz+PCeOGsrHpl1qZ7i70dGTu2u+Ahh6E=
github.com/dgraph-io/ristretto v0.1.1 h1:6CWw5tJNgpegArSHpNHJKldNeq03FQCwYvfMVWajOK8=
github.com/dgraph-io/ristretto v0.1.1/go.mod h1:S1GPSBCYCIhmVNfcth17y2zZtQT6wzkzgwUve0VDWWA=
github.com/dgryski/go-farm v0.0.0-20190423205320-6a90982ecee2 h1:tdlZCpZ/P9DhczCTSixgIKmwPv6+wP5DGjqLYw5SUiA=
github.com/dgryski/go-farm v0.0.0-20190423205320-6a90982ecee2/go.mod h1:SqUrOPUnsFjfmXRMNPybcSiG0BgUW2AuFH8PAnS2iTw=
github.com/dustin/go-humanize v1.0.0 h1:VSnTsYCnlFHaM2/igO1h6X3HA71jcobQuxemgkq4zYo=
github.com/dustin/go-humanize v1.0.0/go.mod h1:HtrtbFcZ19U5GC7JDqmcUSB87Iq5E25KnS6fMYU6eOk=
github.com/dustin/go-humanize v1.0.1 h1:GzkhY7T5VNhEkwH0PVJgjz+fX1rhBrR7pRT3mDkpeCY=
github.com/dustin/go-humanize v1.0.1/go.mod h1:Mu1zIs6XwVuF/gI1OepvI0qD18qycQx+mFykh5fBlto=
github.com/fsnotify/fsnotify v1.4.7/go.mod h1:jwhsz4b93w/PPRr/qN1Yymfu8t87LnFCMoQvtojpjFo=
github.com/fsnotify/fsnotify v1.4.9 h1:hsms1Qyu0jgnwNXIxa+/V/PDsU6CfLf6CNO8H7IWoS4=
github.com/fsnotify/fsnotify v1.4.9/go.mod h1:znqG4EE+3YCdAaPaxE2ZRY/06pZUdp0tY4IgpuI1SZQ=
github.com/golang/glog v0.0.0-20160126235308-23def4e6c14b/go.mod h1:SBH7ygxi8pfUlaOkMMuAQtPIUF8ecWP5IEl/CR7VP2Q=
github.com/golang/glog v1.1.2 h1:DVjP2PbBOzHyzA+dn3WhHIq4NdVu3Q+pvivFICf/7fo=
github.com/golang/glog v1.1.2/go.mod h1:zR+okUeTbrL6EL3xHUDxZuEtGv04p5shwip1+mL/rLQ=
github.com/golang/protobuf v1.2.0/go.mod h1:6lQm79b+lXiMfvg/cZm0SGofjICqVBUtrP5yJMmIC1U=
github.com/golang/protobuf v1.3.1/go.mod h1:6lQm79b+lXiMfvg/cZm0SGofjICqVBUtrP5yJMmIC1U=
github.com/golang/protobuf v1.4.0-rc.1/go.mod h1:ceaxUfeHdC40wWswd/P6IGgMaK3YpKi5j83Wpe3EHw8=
github.com/golang/protobuf v1.4.0-rc.1.0.20200221234624-67d41d38c208/go.mod h1:xKAWHe0F5eneWXFV3EuXVDTCmh+JuBKY0li0aMyXATA=
github.com/golang/protobuf v1.4.0-rc.2/go.mod h1:LlEzMj4AhA7rCAGe4KMBDvJI+AwstrUpVNzEA03Pprs=
github.com/golang/protobuf v1.4.0-rc.4.0.20200313231945-b860323f09d0/go.mod h1:WU3c8KckQ9AFe+yFwt9sWVRKCVIyN9cPHBJSNnbL67w=
github.com/golang/protobuf v1.4.0/go.mod h1:jodUvKwWbYaEsadDk5Fwe5c77LiNKVO9IDvqG2KuDX0=
github.com/golang/protobuf v1.4.2/go.mod h1:oDoupMAO8OvCJWAcko0GGGIgR6R6ocIYbsSw735rRwI=
github.com/golang/protobuf v1.5.0/go.mod h1:FsONVRAS9T7sI+LIUmWTfcYkHO4aIWwzhcaSAoJOfIk=
github.com/golang/protobuf v1.5.3 h1:KhyjKVUg7Usr/dYsdSqoFveMYd5ko72D+zANwlG1mmg=
github.com/golang/protobuf v1.5.3/go.mod h1:XVQd3VNwM+JqD3oG2Ue2ip4fOMUkwXdXDdiuN0vRsmY=
github.com/golang/snappy v0.0.4 h1:yAGX7huGHXlcLOEtBnF4w7FQwA26wojNCwOYAEhLjQM=
github.com/golang/snappy v0.0.4/go.mod h1:/XxbfmMg8lxefKM7IXC3fBNl/7bRcc72aCRzEWrmP2Q=
github.com/google/go-cmp v0.3.0/go.mod h1:8QqcDgzrUqlUb/G2PQTWiueGozuR1884gddMywk6iLU=
github.com/google/go-cmp v0.3.1/go.mod h1:8QqcDgzrUqlUb/G2PQTWiueGozuR1884gddMywk6iLU=
github.com/google/go-cmp v0.4.0/go.mod h1:v8dTdLbMG2kIc/vJvl+f65V22dbkXbowE6jgT/gNBxE=
github.com/google/go-cmp v0.5.5/go.mod h1:v8dTdLbMG2kIc/vJvl+f65V22dbkXbowE6jgT/gNBxE=
github.com/google/go-cmp v0.5.9 h1:O2Tfq5qg4qc4AmwVlvv0oLiVAGB7enBSJ2x2DqQFi38=
github.com/gorilla/websocket v1.4.2/go.mod h1:YR8l580nyteQvAITg2hZ9XVh4b55+EU/adAjf1fMHhE=
github.com/gorilla/websocket v1.5.0/go.mod h1:YR8l580nyteQvAITg2hZ9XVh4b55+EU/adAjf1fMHhE=
github.com/gorilla/websocket v1.5.1/go.mod h1:x3kM2JMyaluk02fnUJpQuwD2dCS5NDG2ZHL0uE0tcaY=
github.com/hashicorp/hcl v1.0.0/go.mod h1:E5yfLk+7swimpb2L/Alb/PJmXilQ/rhwaUYs4T20WEQ=
github.com/hinshun/vt10x v0.0.0-20180616224451-1954e6464174 h1:WlZsjVhE8Af9IcZDGgJGQpNflI3+MJSBhsgT5PCtzBQ=
github.com/hinshun/vt10x v0.0.0-20180616224451-1954e6464174/go.mod h1:DqJ97dSdRW1W22yXSB90986pcOyQ7r45iio1KN2ez1A=
github.com/hpcloud/tail v1.0.0/go.mod h1:ab1qPbhIpdTxEkNHXyeSf5vhxWSCs/tWer42PpOxQnU=
github.com/inconshreveable/mousetrap v1.0.0/go.mod h1:PxqpIevigyE2G7u3NXJIT2ANytuPF1OarO4DADm73n8=
github.com/jessevdk/go-flags v1.4.0/go.mod h1:4FA24M0QyGHXBuZZK/XkWh8h0e1EYbRYJSGM75WSRxI=
github.com/jessevdk/go-flags v1.5.0 h1:1jKYvbxEjfUl0fmqTCOfonvskHHXMjBySTLW4y9LFvc=
github.com/jessevdk/go-flags v1.5.0/go.mod h1:Fw0T6WPc1dYxT4mKEZRfG5kJhaTDP9pj1c2EWnYs/m4=
github.com/jrick/bitset v1.0.0/go.mod h1:ZOYB5Uvkla7wIEY4FEssPVi3IQXa02arznRaYaAEPe4=
github.com/jrick/logrotate v1.0.0/go.mod h1:LNinyqDIJnpAur+b8yyulnQw/wDuN1+BYKlTRt3OuAQ=
github.com/kballard/go-shellquote v0.0.0-20180428030007-95032a82bc51 h1:Z9n2FFNUXsshfwJMBgNA0RU6/i7WVaAegv3PtuIHPMs=
github.com/kballard/go-shellquote v0.0.0-20180428030007-95032a82bc51/go.mod h1:CzGEWj7cYgsdH8dAjBGEr58BoE7ScuLd+fwFZ44+/x8=
github.com/kr/pretty v0.2.0/go.mod h1:ipq/a2n7PKx3OHsz4KJII5eveXtPO4qwEXGdVfWzfnI=
github.com/kr/pty v1.1.1/go.mod h1:pFQYn66WHrOpPYNljwOMqo10TkYh1fy3cYio2l3bCsQ=
github.com/kr/pty v1.1.4 h1:5Myjjh3JY/NaAi4IsUbHADytDyl1VE1Y9PXDlL+P/VQ=
github.com/kr/pty v1.1.4/go.mod h1:pFQYn66WHrOpPYNljwOMqo10TkYh1fy3cYio2l3bCsQ=
github.com/kr/text v0.1.0/go.mod h1:4Jbv+DJW3UT/LiOwJeYQe1efqtUx/iVham/4vfdArNI=
github.com/magiconair/properties v1.8.0/go.mod h1:PppfXfuXeibc/6YijjN8zIbojt8czPbwD3XqdrwzmxQ=
github.com/mattn/go-colorable v0.1.2 h1:/bC9yWikZXAL9uJdulbSfyVNIR3n3trXl+v8+1sx8mU=
github.com/mattn/go-colorable v0.1.2/go.mod h1:U0ppj6V5qS13XJ6of8GYAs25YV2eR4EVcfRqFIhoBtE=
github.com/mattn/go-colorable v0.1.13 h1:fFA4WZxdEF4tXPZVKMLwD8oUnCTTo08duU7wxecdEvA=
github.com/mattn/go-colorable v0.1.13/go.mod h1:7S9/ev0klgBDR4GtXTXX8a3vIGJpMovkB8vQcUbaXHg=
github.com/mattn/go-isatty v0.0.8 h1:HLtExJ+uU2HOZ+wI0Tt5DtUDrx8yhUqDcp7fYERX4CE=
github.com/mattn/go-isatty v0.0.8/go.mod h1:Iq45c/XA43vh69/j3iqttzPXn0bhXyGjM0Hdxcsrc5s=
github.com/mattn/go-isatty v0.0.16/go.mod h1:kYGgaQfpe5nmfYZH+SKPsOc2e4SrIfOl2e/yFXSvRLM=
github.com/mattn/go-isatty v0.0.20 h1:xfD0iDuEKnDkl03q4limB+vH+GxLEtL/jb4xVJSWWEY=
github.com/mattn/go-isatty v0.0.20/go.mod h1:W+V8PltTTMOvKvAeJH7IuucS94S2C6jfK/D7dTCTo3Y=
github.com/mattn/go-pointer v0.0.1 h1:n+XhsuGeVO6MEAp7xyEukFINEa+Quek5psIR/ylA6o0=
github.com/mattn/go-pointer v0.0.1/go.mod h1:2zXcozF6qYGgmsG+SeTZz3oAbFLdD3OWqnUbNvJZAlc=
github.com/mgutz/ansi v0.0.0-20170206155736-9520e82c474b h1:j7+1HpAFS1zy5+Q4qx1fWh90gTKwiN4QCGoY9TWyyO4=
github.com/mgutz/ansi v0.0.0-20170206155736-9520e82c474b/go.mod h1:01TrycV0kFyexm33Z7vhZRXopbI8J3TDReVlkTgMUxE=
github.com/mgutz/ansi v0.0.0-20200706080929-d51e80ef957d h1:5PJl274Y63IEHC+7izoQE9x6ikvDFZS2mDVS3drnohI=
github.com/mgutz/ansi v0.0.0-20200706080929-d51e80ef957d/go.mod h1:01TrycV0kFyexm33Z7vhZRXopbI8J3TDReVlkTgMUxE=
github.com/mitchellh/go-homedir v1.1.0/go.mod h1:SfyaCUpYCn1Vlf4IUYiD9fPX4A5wJrkLzIz1N1q0pr0=
github.com/mitchellh/mapstructure v1.1.2/go.mod h1:FVVH3fgwuzCH5S8UJGiWEs2h04kUh9fWfEaFds41c1Y=
github.com/nxadm/tail v1.4.4 h1:DQuhQpB1tVlglWS2hLQ5OV6B5r8aGxSrPc5Qo6uTN78=
github.com/nxadm/tail v1.4.4/go.mod h1:kenIhsEOeOJmVchQTgglprH7qJGnHDVpk1VPCcaMI8A=
github.com/onsi/ginkgo v1.6.0/go.mod h1:lLunBs/Ym6LB5Z9jYTR76FiuTmxDTDusOGeTQH+WWjE=
github.com/onsi/ginkgo v1.12.1/go.mod h1:zj2OWP4+oCPe1qIXoGWkgMRwljMUYCdkwsT2108oapk=
github.com/onsi/ginkgo v1.14.0 h1:2mOpI4JVVPBN+WQRa0WKH2eXR+Ey+uK4n7Zj0aYpIQA=
github.com/onsi/ginkgo v1.14.0/go.mod h1:iSB4RoI2tjJc9BBv4NKIKWKya62Rps+oPG/Lv9klQyY=
github.com/onsi/gomega v1.7.1/go.mod h1:XdKZgCCFLUoM/7CFJVPcG8C1xQ1AJ0vpAezJrB7JYyY=
github.com/onsi/gomega v1.10.1 h1:o0+MgICZLuZ7xjH7Vx6zS/zcu93/BEp1VwkIW1mEXCE=
github.com/onsi/gomega v1.10.1/go.mod h1:iN09h71vgCQne3DLsj+A5owkum+a2tYe+TOCB1ybHNo=
github.com/pelletier/go-toml v1.2.0/go.mod h1:5z9KED0ma1S8pY6P1sdut58dfprrGBbd/94hg7ilaic=
github.com/pkg/errors v0.8.1 h1:iURUrRGxPUNPdy5/HRSm+Yj6okJ6UtLINN0Q9M4+h3I=
github.com/pkg/errors v0.8.1/go.mod h1:bwawxfHBFNV+L2hUp1rHADufV3IMtnDRdf1r5NINEl0=
github.com/pkg/errors v0.9.1 h1:FEBLx1zS214owpjy7qsBeixbURkuhQAwrK5UwLGTwt4=
github.com/pkg/errors v0.9.1/go.mod h1:bwawxfHBFNV+L2hUp1rHADufV3IMtnDRdf1r5NINEl0=
github.com/pmezard/go-difflib v1.0.0 h1:4DBwDE0NGyQoBHbLQYPwSUPoCMWR5BEzIk/f1lZbAQM=
github.com/pmezard/go-difflib v1.0.0/go.mod h1:iKH77koFhYxTK1pcRnkKkqfTogsbg7gZNVY4sRDYZ/4=
github.com/russross/blackfriday v1.5.2/go.mod h1:JO/DiYxRf+HjHt06OyowR9PTA263kcR/rfWxYHBV53g=
github.com/spaolacci/murmur3 v0.0.0-20180118202830-f09979ecbc72/go.mod h1:JwIasOWyU6f++ZhiEuf87xNszmSA2myDM2Kzu9HwQUA=
github.com/spaolacci/murmur3 v1.1.0 h1:7c1g84S4BPRrfL5Xrdp6fOJ206sU9y293DDHaoy0bLI=
github.com/spaolacci/murmur3 v1.1.0/go.mod h1:JwIasOWyU6f++ZhiEuf87xNszmSA2myDM2Kzu9HwQUA=
github.com/spf13/afero v1.1.2/go.mod h1:j4pytiNVoe2o6bmDsKpLACNPDBIoEAkihy7loJ1B0CQ=
github.com/spf13/cast v1.3.0/go.mod h1:Qx5cxh0v+4UWYiBimWS+eyWzqEqokIECu5etghLkUJE=
github.com/spf13/cobra v0.0.5/go.mod h1:3K3wKZymM7VvHMDS9+Akkh4K60UwM26emMESw8tLCHU=
github.com/spf13/jwalterweatherman v1.0.0/go.mod h1:cQK4TGJAtQXfYWX+Ddv3mKDzgVb68N+wFjFa4jdeBTo=
github.com/spf13/pflag v1.0.3/go.mod h1:DYY7MBk1bdzusC3SYhjObp+wFpr4gzcvqqNjLnInEg4=
github.com/spf13/viper v1.3.2/go.mod h1:ZiWeW+zYFKm7srdB9IoDzzZXaJaI5eL9QjNiN/DMA2s=
github.com/stretchr/objx v0.1.0/go.mod h1:HFkY916IF+rwdDfMAkV7OtwuqBVzrE8GR6GFx+wExME=
github.com/stretchr/testify v1.2.1/go.mod h1:a8OnRcib4nhh0OaRAV+Yts87kKdq0PP7pXfy6kDkUVs=
github.com/stretchr/testify v1.2.2/go.mod h1:a8OnRcib4nhh0OaRAV+Yts87kKdq0PP7pXfy6kDkUVs=
github.com/stretchr/testify v1.4.0/go.mod h1:j7eGeouHqKxXV5pUuKE4zz7dFj8WfuZ+81PSLYec5m4=
github.com/stretchr/testify v1.8.1 h1:w7B6lhMri9wdJUVmEZPGGhZzrYTPvgJArz7wNPgYKsk=
github.com/syndtr/goleveldb v1.0.1-0.20210819022825-2ae1ddf74ef7 h1:epCh84lMvA70Z7CTTCmYQn2CKbY8j86K7/FAIr141uY=
github.com/syndtr/goleveldb v1.0.1-0.20210819022825-2ae1ddf74ef7/go.mod h1:q4W45IWZaF22tdD+VEXcAWRA037jwmWEB5VWYORlTpc=
github.com/ugorji/go/codec v0.0.0-20181204163529-d75b2dcb6bc8/go.mod h1:VFNgLljTbGfSG7qAOspJ7OScBnGdDN/yBr0sguwnwf0=
github.com/xordataexchange/crypt v0.0.3-0.20170626215501-b2862e3d0a77/go.mod h1:aYKd//L2LvnjZzWKhF00oedf4jCCReLcmhLdhm1A27Q=
github.com/yuin/goldmark v1.4.13/go.mod h1:6yULJ656Px+3vBD8DxQVa3kxgyrAnzto9xy5taEt/CY=
golang.org/x/crypto v0.0.0-20181203042331-505ab145d0a9/go.mod h1:6SG95UA2DQfeDnfUPMdvaQW0Q7yPrPDi9nlGo2tz2b4=
golang.org/x/crypto v0.0.0-20190308221718-c2843e01d9a2/go.mod h1:djNgcEr1/C05ACkg1iLfiJU5Ep61QUkGW8qpdssI0+w=
golang.org/x/crypto v0.0.0-20190530122614-20be4c3c3ed5/go.mod h1:yigFU9vqHzYiE8UmvKecakEJjdnWj3jj499lnFckfCI=
golang.org/x/crypto v0.0.0-20200622213623-75b288015ac9/go.mod h1:LzIPMQfyMNhhGPhUkYOs5KpL4U8rLKemX1yGLhDgUto=
golang.org/x/crypto v0.0.0-20210921155107-089bfa567519/go.mod h1:GvvjBRRGRdwPK5ydBHafDWAxML/pGHZbMvKqRZ5+Abc=
golang.org/x/crypto v0.5.0/go.mod h1:NK/OQwhpMQP3MwtdjgLlYHnH9ebylxKWv3e0fK+mkQU=
golang.org/x/crypto v0.6.0/go.mod h1:OFC/31mSvZgRz0V1QTNCzfAI1aIRzbiufJtkMIlEp58=
golang.org/x/crypto v0.7.0 h1:AvwMYaRytfdeVt3u6mLaxYtErKYjxA2OXjJ1HHq6t3A=
golang.org/x/crypto v0.7.0/go.mod h1:pYwdfH91IfpZVANVyUOhSIPZaFoJGxTFbZhFTx+dXZU=
golang.org/x/crypto v0.14.0/go.mod h1:MVFd36DqK4CsrnJYDkBA3VC4m2GkXAM0PvzMCn4JQf4=
golang.org/x/crypto v0.15.0 h1:frVn1TEaCEaZcn3Tmd7Y2b5KKPaZ+I32Q2OA3kYp5TA=
golang.org/x/crypto v0.15.0/go.mod h1:4ChreQoLWfG3xLDer1WdlH5NdlQ3+mwnQq1YTKY+72g=
golang.org/x/mod v0.6.0-dev.0.20220419223038-86c51ed26bb4/go.mod h1:jJ57K6gSWd91VN4djpZkiMVwK6gcyfeH4XE8wZrZaV4=
golang.org/x/mod v0.8.0/go.mod h1:iBbtSCu2XBx23ZKBPSOrRkjjQPZFPuis4dIYUhu/chs=
golang.org/x/net v0.0.0-20180906233101-161cd47e91fd/go.mod h1:mL1N/T3taQHkDXs73rZJwtUhF3w3ftmwwsq0BUmARs4=
golang.org/x/net v0.0.0-20190404232315-eb5bcb51f2a3/go.mod h1:t9HGtf8HONx5eT2rtn7q6eTqICYqUVnKs3thJo3Qplg=
golang.org/x/net v0.0.0-20190620200207-3b0461eec859/go.mod h1:z5CRVTTTmAJ677TzLLGU+0bjPO0LkuOLi4/5GtJWs/s=
golang.org/x/net v0.0.0-20200520004742-59133d7f0dd7/go.mod h1:qpuaurCH72eLCgpAm/N6yyVIVM9cpaDIP3A8BGJEC5A=
golang.org/x/net v0.0.0-20200813134508-3edf25e44fcc/go.mod h1:/O7V0waA8r7cgGh81Ro3o1hOxt32SMVPicZroKQ2sZA=
golang.org/x/net v0.0.0-20210226172049-e18ecbb05110/go.mod h1:m0MpNAwzfU5UDzcl9v0D8zg8gWTRqZa9RBIspLL5mdg=
golang.org/x/net v0.0.0-20220722155237-a158d28d115b/go.mod h1:XRhObCWvk6IyKnWLug+ECip1KBveYUHfp+8e9klMJ9c=
golang.org/x/net v0.5.0/go.mod h1:DivGGAXEgPSlEBzxGzZI+ZLohi+xUj054jfeKui00ws=
golang.org/x/net v0.6.0/go.mod h1:2Tu9+aMcznHK/AK1HMvgo6xiTLG5rD5rZLDS+rp2Bjs=
golang.org/x/net v0.7.0/go.mod h1:2Tu9+aMcznHK/AK1HMvgo6xiTLG5rD5rZLDS+rp2Bjs=
golang.org/x/net v0.8.0 h1:Zrh2ngAOFYneWTAIAPethzeaQLuHwhuBkuV6ZiRnUaQ=
golang.org/x/net v0.8.0/go.mod h1:QVkue5JL9kW//ek3r6jTKnTFis1tRmNAW2P1shuFdJc=
golang.org/x/net v0.10.0/go.mod h1:0qNGK6F8kojg2nk9dLZ2mShWaEBan6FAoqfSigmmuDg=
golang.org/x/net v0.17.0/go.mod h1:NxSsAGuq816PNPmqtQdLE42eU2Fs7NoRIZrHJAlaCOE=
golang.org/x/net v0.18.0 h1:mIYleuAkSbHh0tCv7RvjL3F6ZVbLjq4+R7zbOn3Kokg=
golang.org/x/net v0.18.0/go.mod h1:/czyP5RqHAH4odGYxBJ1qz0+CE5WZ+2j1YgoEo8F2jQ=
golang.org/x/sync v0.0.0-20180314180146-1d60e4601c6f/go.mod h1:RxMgew5VJxzue5/jJTE5uejpjVlOe/izrB70Jof72aM=
golang.org/x/sync v0.0.0-20190423024810-112230192c58/go.mod h1:RxMgew5VJxzue5/jJTE5uejpjVlOe/izrB70Jof72aM=
golang.org/x/sync v0.0.0-20220722155255-886fb9371eb4/go.mod h1:RxMgew5VJxzue5/jJTE5uejpjVlOe/izrB70Jof72aM=
golang.org/x/sync v0.1.0/go.mod h1:RxMgew5VJxzue5/jJTE5uejpjVlOe/izrB70Jof72aM=
golang.org/x/sys v0.0.0-20180909124046-d0be0721c37e/go.mod h1:STP8DvDyc/dI5b8T5hshtkjS+E42TnysNCUPdjciGhY=
golang.org/x/sys v0.0.0-20181205085412-a5c9d58dba9a/go.mod h1:STP8DvDyc/dI5b8T5hshtkjS+E42TnysNCUPdjciGhY=
golang.org/x/sys v0.0.0-20190215142949-d0b11bdaac8a/go.mod h1:STP8DvDyc/dI5b8T5hshtkjS+E42TnysNCUPdjciGhY=
golang.org/x/sys v0.0.0-20190222072716-a9d3bda3a223/go.mod h1:STP8DvDyc/dI5b8T5hshtkjS+E42TnysNCUPdjciGhY=
golang.org/x/sys v0.0.0-20190412213103-97732733099d/go.mod h1:h1NjWce9XRLGQEsW7wpKNCjG9DtNlClVuFLEZdDNbEs=
golang.org/x/sys v0.0.0-20190530182044-ad28b68e88f1/go.mod h1:h1NjWce9XRLGQEsW7wpKNCjG9DtNlClVuFLEZdDNbEs=
golang.org/x/sys v0.0.0-20190626221950-04f50cda93cb/go.mod h1:h1NjWce9XRLGQEsW7wpKNCjG9DtNlClVuFLEZdDNbEs=
golang.org/x/sys v0.0.0-20190904154756-749cb33beabd/go.mod h1:h1NjWce9XRLGQEsW7wpKNCjG9DtNlClVuFLEZdDNbEs=
golang.org/x/sys v0.0.0-20191005200804-aed5e4c7ecf9/go.mod h1:h1NjWce9XRLGQEsW7wpKNCjG9DtNlClVuFLEZdDNbEs=
golang.org/x/sys v0.0.0-20191120155948-bd437916bb0e/go.mod h1:h1NjWce9XRLGQEsW7wpKNCjG9DtNlClVuFLEZdDNbEs=
golang.org/x/sys v0.0.0-20200323222414-85ca7c5b95cd/go.mod h1:h1NjWce9XRLGQEsW7wpKNCjG9DtNlClVuFLEZdDNbEs=
golang.org/x/sys v0.0.0-20200519105757-fe76b779f299/go.mod h1:h1NjWce9XRLGQEsW7wpKNCjG9DtNlClVuFLEZdDNbEs=
golang.org/x/sys v0.0.0-20200814200057-3d37ad5750ed/go.mod h1:h1NjWce9XRLGQEsW7wpKNCjG9DtNlClVuFLEZdDNbEs=
golang.org/x/sys v0.0.0-20201119102817-f84b799fce68/go.mod h1:h1NjWce9XRLGQEsW7wpKNCjG9DtNlClVuFLEZdDNbEs=
golang.org/x/sys v0.0.0-20210320140829-1e4c9ba3b0c4/go.mod h1:h1NjWce9XRLGQEsW7wpKNCjG9DtNlClVuFLEZdDNbEs=
golang.org/x/sys v0.0.0-20210615035016-665e8c7367d1/go.mod h1:oPkhp1MJrh7nUepCBck5+mAzfO9JrbApNNgaTdGDITg=
golang.org/x/sys v0.0.0-20220520151302-bc2c85ada10a/go.mod h1:oPkhp1MJrh7nUepCBck5+mAzfO9JrbApNNgaTdGDITg=
golang.org/x/sys v0.0.0-20220722155257-8c9f86f7a55f/go.mod h1:oPkhp1MJrh7nUepCBck5+mAzfO9JrbApNNgaTdGDITg=
golang.org/x/sys v0.0.0-20220811171246-fbc7d0a398ab/go.mod h1:oPkhp1MJrh7nUepCBck5+mAzfO9JrbApNNgaTdGDITg=
golang.org/x/sys v0.0.0-20221010170243-090e33056c14/go.mod h1:oPkhp1MJrh7nUepCBck5+mAzfO9JrbApNNgaTdGDITg=
golang.org/x/sys v0.4.0/go.mod h1:oPkhp1MJrh7nUepCBck5+mAzfO9JrbApNNgaTdGDITg=
golang.org/x/sys v0.5.0/go.mod h1:oPkhp1MJrh7nUepCBck5+mAzfO9JrbApNNgaTdGDITg=
golang.org/x/sys v0.6.0/go.mod h1:oPkhp1MJrh7nUepCBck5+mAzfO9JrbApNNgaTdGDITg=
golang.org/x/sys v0.7.0 h1:3jlCCIQZPdOYu1h8BkNvLz8Kgwtae2cagcG/VamtZRU=
golang.org/x/sys v0.7.0/go.mod h1:oPkhp1MJrh7nUepCBck5+mAzfO9JrbApNNgaTdGDITg=
golang.org/x/sys v0.8.0/go.mod h1:oPkhp1MJrh7nUepCBck5+mAzfO9JrbApNNgaTdGDITg=
golang.org/x/sys v0.13.0/go.mod h1:oPkhp1MJrh7nUepCBck5+mAzfO9JrbApNNgaTdGDITg=
golang.org/x/sys v0.14.0 h1:Vz7Qs629MkJkGyHxUlRHizWJRG2j8fbQKjELVSNhy7Q=
golang.org/x/sys v0.14.0/go.mod h1:/VUhepiaJMQUp4+oa/7Zr1D23ma6VTLIYjOOTFZPUcA=
golang.org/x/term v0.0.0-20201126162022-7de9c90e9dd1/go.mod h1:bj7SfCRtBDWHUb9snDiAeCFNEtKQo2Wmx5Cou7ajbmo=
golang.org/x/term v0.0.0-20210927222741-03fcf44c2211/go.mod h1:jbD1KX2456YbFQfuXm/mYQcufACuNUgVhRMnK/tPxf8=
golang.org/x/term v0.4.0/go.mod h1:9P2UbLfCdcvo3p/nzKvsmas4TnlujnuoV9hGgYzW1lQ=
golang.org/x/term v0.5.0/go.mod h1:jMB1sMXY+tzblOD4FWmEbocvup2/aLOaQEp7JmGp78k=
golang.org/x/term v0.8.0/go.mod h1:xPskH00ivmX89bAKVGSKKtLOWNx2+17Eiy94tnKShWo=
golang.org/x/term v0.13.0/go.mod h1:LTmsnFJwVN6bCy1rVCoS+qHT1HhALEFxKncY3WNNh4U=
golang.org/x/term v0.14.0/go.mod h1:TySc+nGkYR6qt8km8wUhuFRTVSMIX3XPR58y2lC8vww=
golang.org/x/text v0.3.0/go.mod h1:NqM8EUOU14njkJ3fqMW+pc6Ldnwhi/IjpwHt7yyuwOQ=
golang.org/x/text v0.3.2/go.mod h1:bEr9sfX3Q8Zfm5fL9x+3itogRgK3+ptLWKqgva+5dAk=
golang.org/x/text v0.3.3/go.mod h1:5Zoc/QRtKVWzQhOtBMvqHzDpF6irO9z98xDceosuGiQ=
golang.org/x/text v0.3.7/go.mod h1:u+2+/6zg+i71rQMx5EYifcz6MCKuco9NR6JIITiCfzQ=
golang.org/x/text v0.6.0/go.mod h1:mrYo+phRRbMaCq/xk9113O4dZlRixOauAjOtrjsXDZ8=
golang.org/x/text v0.7.0/go.mod h1:mrYo+phRRbMaCq/xk9113O4dZlRixOauAjOtrjsXDZ8=
golang.org/x/text v0.8.0 h1:57P1ETyNKtuIjB4SRd15iJxuhj8Gc416Y78H3qgMh68=
golang.org/x/text v0.9.0/go.mod h1:e1OnstbJyHTd6l/uOt8jFFHp6TRDWZR/bV3emEE/zU8=
golang.org/x/text v0.13.0/go.mod h1:TvPlkZtksWOMsz7fbANvkp4WM8x/WCo/om8BMLbz+aE=
golang.org/x/text v0.14.0/go.mod h1:18ZOQIKpY8NJVqYksKHtTdi31H5itFRjB5/qKTNYzSU=
golang.org/x/tools v0.0.0-20180917221912-90fa682c2a6e/go.mod h1:n7NCudcB/nEzxVGmLbDWY5pfWTLqBcC2KZ6jyYvM4mQ=
golang.org/x/tools v0.0.0-20191119224855-298f0cb1881e/go.mod h1:b+2E5dAYhXwXZwtnZ6UAqBI28+e2cm9otk0dWdXHAEo=
golang.org/x/tools v0.1.12/go.mod h1:hNGJHUnrk76NpqgfD5Aqm5Crs+Hm0VOH/i9J2+nxYbc=
golang.org/x/tools v0.6.0/go.mod h1:Xwgl3UAJ/d3gWutnCtw505GrjyAbvKui8lOU390QaIU=
golang.org/x/xerrors v0.0.0-20190717185122-a985d3407aa7/go.mod h1:I/5z698sn9Ka8TeJc9MKroUUfqBBauWjQqLJ2OPfmY0=
golang.org/x/xerrors v0.0.0-20191204190536-9bdfabe68543/go.mod h1:I/5z698sn9Ka8TeJc9MKroUUfqBBauWjQqLJ2OPfmY0=
golang.org/x/xerrors v0.0.0-20200804184101-5ec99f83aff1 h1:go1bK/D/BFZV2I8cIQd1NKEZ+0owSTG1fDTci4IqFcE=
golang.org/x/xerrors v0.0.0-20200804184101-5ec99f83aff1/go.mod h1:I/5z698sn9Ka8TeJc9MKroUUfqBBauWjQqLJ2OPfmY0=
google.golang.org/protobuf v0.0.0-20200109180630-ec00e32a8dfd/go.mod h1:DFci5gLYBciE7Vtevhsrf46CRTquxDuWsQurQQe4oz8=
google.golang.org/protobuf v0.0.0-20200221191635-4d8936d0db64/go.mod h1:kwYJMbMJ01Woi6D6+Kah6886xMZcty6N08ah7+eCXa0=
google.golang.org/protobuf v0.0.0-20200228230310-ab0ca4ff8a60/go.mod h1:cfTl7dwQJ+fmap5saPgwCLgHXTUD7jkjRqWcaiX5VyM=
google.golang.org/protobuf v1.20.1-0.20200309200217-e05f789c0967/go.mod h1:A+miEFZTKqfCUM6K7xSMQL9OKL/b6hQv+e19PK+JZNE=
google.golang.org/protobuf v1.21.0/go.mod h1:47Nbq4nVaFHyn7ilMalzfO3qCViNmqZ2kzikPIcrTAo=
google.golang.org/protobuf v1.23.0/go.mod h1:EGpADcykh3NcUnDUJcl1+ZksZNG86OlYog2l/sGQquU=
google.golang.org/protobuf v1.26.0-rc.1/go.mod h1:jlhhOSvTdKEhbULTjvd4ARK9grFBp09yW+WbY/TyQbw=
google.golang.org/protobuf v1.26.0/go.mod h1:9q0QmTI4eRPtz6boOQmLYwt+qCgq0jsYwAQnmE0givc=
google.golang.org/protobuf v1.30.0 h1:kPPoIgf3TsEvrm0PFe15JQ+570QVxYzEvvHqChK+cng=
google.golang.org/protobuf v1.30.0/go.mod h1:HV8QOd/L58Z+nl8r43ehVNZIU/HEI6OcFqwMG9pJV4I=
google.golang.org/protobuf v1.31.0 h1:g0LDEJHgrBl9N9r17Ru3sqWhkIx2NB67okBHPwC7hs8=
google.golang.org/protobuf v1.31.0/go.mod h1:HV8QOd/L58Z+nl8r43ehVNZIU/HEI6OcFqwMG9pJV4I=
gopkg.in/AlecAivazis/survey.v1 v1.8.8 h1:5UtTowJZTz1j7NxVzDGKTz6Lm9IWm8DDF6b7a2wq9VY=
gopkg.in/AlecAivazis/survey.v1 v1.8.8/go.mod h1:CaHjv79TCgAvXMSFJSVgonHXYWxnhzI3eoHtnX5UgUo=
gopkg.in/check.v1 v0.0.0-20161208181325-20d25e280405/go.mod h1:Co6ibVJAznAaIkqp8huTwlJQCZ016jof/cbN4VW5Yz0=
gopkg.in/check.v1 v1.0.0-20190902080502-41f04d3bba15/go.mod h1:Co6ibVJAznAaIkqp8huTwlJQCZ016jof/cbN4VW5Yz0=
gopkg.in/fsnotify.v1 v1.4.7/go.mod h1:Tz8NjZHkW78fSQdbUxIjBTcgA1z1m8ZHf0WmKUhAMys=
gopkg.in/tomb.v1 v1.0.0-20141024135613-dd632973f1e7 h1:uRGJdciOHaEIrze2W8Q3AKkepLTh2hOroT7a+7czfdQ=
gopkg.in/tomb.v1 v1.0.0-20141024135613-dd632973f1e7/go.mod h1:dt/ZhP58zS4L8KSrWDmTeBkI65Dw0HsyUHuEVlX15mw=
gopkg.in/yaml.v2 v2.2.2/go.mod h1:hI93XBmqTisBFMUTm0b8Fm+jr3Dg1NNxqwp+5A1VGuI=
gopkg.in/yaml.v2 v2.2.4/go.mod h1:hI93XBmqTisBFMUTm0b8Fm+jr3Dg1NNxqwp+5A1VGuI=
gopkg.in/yaml.v2 v2.3.0 h1:clyUAQHOM3G0M3f5vQj7LuJrETvjVot3Z5el9nffUtU=
gopkg.in/yaml.v2 v2.3.0/go.mod h1:hI93XBmqTisBFMUTm0b8Fm+jr3Dg1NNxqwp+5A1VGuI=
gopkg.in/yaml.v3 v3.0.1 h1:fxVm/GzAzEWqLHuvctI91KS9hhNmmWOoWu0XTYJS7CA=
gopkg.in/yaml.v3 v3.0.1/go.mod h1:K4uyk7z7BCEPqu6E+C64Yfv1cQ7kz7rIZviUmN+EgEM=
